
Microsoft Visual Studio Solution File, Format Version 12.00
# Visual Studio Version 17
VisualStudioVersion = 17.7.34031.279
MinimumVisualStudioVersion = 10.0.40219.1
Project("{FAE04EC0-301F-11D3-BF4B-00C04F79EFBC}") = "HomeWork9", "HomeWork9\HomeWork9.csproj", "{2A56C8E8-DE57-4964-9266-7A3CE0CE25B2}"
EndProject
Global
	GlobalSection(SolutionConfigurationPlatforms) = preSolution
		Debug|Any CPU = Debug|Any CPU
		Release|Any CPU = Release|Any CPU
	EndGlobalSection
	GlobalSection(ProjectConfigurationPlatforms) = postSolution
		{2A56C8E8-DE57-4964-9266-7A3CE0CE25B2}.Debug|Any CPU.ActiveCfg = Debug|Any CPU
		{2A56C8E8-DE57-4964-9266-7A3CE0CE25B2}.Debug|Any CPU.Build.0 = Debug|Any CPU
		{2A56C8E8-DE57-4964-9266-7A3CE0CE25B2}.Release|Any CPU.ActiveCfg = Release|Any CPU
		{2A56C8E8-DE57-4964-9266-7A3CE0CE25B2}.Release|Any CPU.Build.0 = Release|Any CPU
	EndGlobalSection
	GlobalSection(SolutionProperties) = preSolution
		HideSolutionNode = FALSE
	EndGlobalSection
	GlobalSection(ExtensibilityGlobals) = postSolution
		SolutionGuid = {B4304546-397B-44CC-B1E8-14958682AB12}
	EndGlobalSection
EndGlobal
